
Microsoft Visual Studio Solution File, Format Version 12.00
# Visual Studio Version 17
VisualStudioVersion = 17.0.31903.59
MinimumVisualStudioVersion = 10.0.40219.1
Project("{FAE04EC0-301F-11D3-BF4B-00C04F79EFBC}") = "QuadcopterLibrary", "QuadcopterLibrary\QuadcopterLibrary.csproj", "{B5185D3F-9632-4A1B-A183-B99CB04A6611}"
EndProject
Project("{FAE04EC0-301F-11D3-BF4B-00C04F79EFBC}") = "QuadcopterApp", "QuadcopterApp\QuadcopterApp.csproj", "{839FE034-E149-4FA0-9A85-A412588CEFAC}"
EndProject
Global
	GlobalSection(SolutionConfigurationPlatforms) = preSolution
		Debug|Any CPU = Debug|Any CPU
		Release|Any CPU = Release|Any CPU
	EndGlobalSection
	GlobalSection(SolutionProperties) = preSolution
		HideSolutionNode = FALSE
	EndGlobalSection
	GlobalSection(ProjectConfigurationPlatforms) = postSolution
		{B5185D3F-9632-4A1B-A183-B99CB04A6611}.Debug|Any CPU.ActiveCfg = Debug|Any CPU
		{B5185D3F-9632-4A1B-A183-B99CB04A6611}.Debug|Any CPU.Build.0 = Debug|Any CPU
		{B5185D3F-9632-4A1B-A183-B99CB04A6611}.Release|Any CPU.ActiveCfg = Release|Any CPU
		{B5185D3F-9632-4A1B-A183-B99CB04A6611}.Release|Any CPU.Build.0 = Release|Any CPU
		{839FE034-E149-4FA0-9A85-A412588CEFAC}.Debug|Any CPU.ActiveCfg = Debug|Any CPU
		{839FE034-E149-4FA0-9A85-A412588CEFAC}.Debug|Any CPU.Build.0 = Debug|Any CPU
		{839FE034-E149-4FA0-9A85-A412588CEFAC}.Release|Any CPU.ActiveCfg = Release|Any CPU
		{839FE034-E149-4FA0-9A85-A412588CEFAC}.Release|Any CPU.Build.0 = Release|Any CPU
	EndGlobalSection
EndGlobal
